// !$*UTF8*$!
{
	archiveVersion = 1;
	classes = {
	};
	objectVersion = 56;
	objects = {

/* Begin PBXBuildFile section */
		B0728A8B2C5F84FC00B7455F /* AppDelegate.swift in Sources */ = {isa = PBXBuildFile; fileRef = B0728A8A2C5F84FC00B7455F /* AppDelegate.swift */; };
		B0728A8D2C5F84FC00B7455F /* SceneDelegate.swift in Sources */ = {isa = PBXBuildFile; fileRef = B0728A8C2C5F84FC00B7455F /* SceneDelegate.swift */; };
		B0728A8F2C5F84FC00B7455F /* ViewController.swift in Sources */ = {isa = PBXBuildFile; fileRef = B0728A8E2C5F84FC00B7455F /* ViewController.swift */; };
		B0728A922C5F84FC00B7455F /* Base in Resources */ = {isa = PBXBuildFile; fileRef = B0728A912C5F84FC00B7455F /* Base */; };
		B0728A942C5F84FD00B7455F /* Assets.xcassets in Resources */ = {isa = PBXBuildFile; fileRef = B0728A932C5F84FD00B7455F /* Assets.xcassets */; };
		B0728A972C5F84FD00B7455F /* Base in Resources */ = {isa = PBXBuildFile; fileRef = B0728A962C5F84FD00B7455F /* Base */; };
		B0728A9F2C5F851C00B7455F /* PasswordViewController.swift in Sources */ = {isa = PBXBuildFile; fileRef = B0728A9E2C5F851C00B7455F /* PasswordViewController.swift */; };
		B0728AA22C5F853A00B7455F /* SnapKit in Frameworks */ = {isa = PBXBuildFile; productRef = B0728AA12C5F853A00B7455F /* SnapKit */; };
		B0728AA52C5F855200B7455F /* RxCocoa in Frameworks */ = {isa = PBXBuildFile; productRef = B0728AA42C5F855200B7455F /* RxCocoa */; };
		B0728AA72C5F855200B7455F /* RxSwift in Frameworks */ = {isa = PBXBuildFile; productRef = B0728AA62C5F855200B7455F /* RxSwift */; };
		B0728AA92C5F89A200B7455F /* PhoneViewController.swift in Sources */ = {isa = PBXBuildFile; fileRef = B0728AA82C5F89A200B7455F /* PhoneViewController.swift */; };
		B0728AAB2C5FDA3300B7455F /* BirthdayViewController.swift in Sources */ = {isa = PBXBuildFile; fileRef = B0728AAA2C5FDA3300B7455F /* BirthdayViewController.swift */; };
		B0A5AC572C624E8F005C8574 /* ShoppingViewController.swift in Sources */ = {isa = PBXBuildFile; fileRef = B0A5AC562C624E8F005C8574 /* ShoppingViewController.swift */; };
		B0BDEF022C63A9E100664D70 /* ShoppingTableViewCell.swift in Sources */ = {isa = PBXBuildFile; fileRef = B0BDEF012C63A9E100664D70 /* ShoppingTableViewCell.swift */; };
		B0BDEF042C63AC1800664D70 /* ShoppingViewModel.swift in Sources */ = {isa = PBXBuildFile; fileRef = B0BDEF032C63AC1800664D70 /* ShoppingViewModel.swift */; };
/* End PBXBuildFile section */

/* Begin PBXFileReference section */
		B0728A872C5F84FC00B7455F /* RxThreads.app */ = {isa = PBXFileReference; explicitFileType = wrapper.application; includeInIndex = 0; path = RxThreads.app; sourceTree = BUILT_PRODUCTS_DIR; };
		B0728A8A2C5F84FC00B7455F /* AppDelegate.swift */ = {isa = PBXFileReference; lastKnownFileType = sourcecode.swift; path = AppDelegate.swift; sourceTree = "<group>"; };
		B0728A8C2C5F84FC00B7455F /* SceneDelegate.swift */ = {isa = PBXFileReference; lastKnownFileType = sourcecode.swift; path = SceneDelegate.swift; sourceTree = "<group>"; };
		B0728A8E2C5F84FC00B7455F /* ViewController.swift */ = {isa = PBXFileReference; lastKnownFileType = sourcecode.swift; path = ViewController.swift; sourceTree = "<group>"; };
		B0728A912C5F84FC00B7455F /* Base */ = {isa = PBXFileReference; lastKnownFileType = file.storyboard; name = Base; path = Base.lproj/Main.storyboard; sourceTree = "<group>"; };
		B0728A932C5F84FD00B7455F /* Assets.xcassets */ = {isa = PBXFileReference; lastKnownFileType = folder.assetcatalog; path = Assets.xcassets; sourceTree = "<group>"; };
		B0728A962C5F84FD00B7455F /* Base */ = {isa = PBXFileReference; lastKnownFileType = file.storyboard; name = Base; path = Base.lproj/LaunchScreen.storyboard; sourceTree = "<group>"; };
		B0728A982C5F84FD00B7455F /* Info.plist */ = {isa = PBXFileReference; lastKnownFileType = text.plist.xml; path = Info.plist; sourceTree = "<group>"; };
		B0728A9E2C5F851C00B7455F /* PasswordViewController.swift */ = {isa = PBXFileReference; lastKnownFileType = sourcecode.swift; path = PasswordViewController.swift; sourceTree = "<group>"; };
		B0728AA82C5F89A200B7455F /* PhoneViewController.swift */ = {isa = PBXFileReference; lastKnownFileType = sourcecode.swift; path = PhoneViewController.swift; sourceTree = "<group>"; };
		B0728AAA2C5FDA3300B7455F /* BirthdayViewController.swift */ = {isa = PBXFileReference; lastKnownFileType = sourcecode.swift; path = BirthdayViewController.swift; sourceTree = "<group>"; };
		B0A5AC562C624E8F005C8574 /* ShoppingViewController.swift */ = {isa = PBXFileReference; lastKnownFileType = sourcecode.swift; path = ShoppingViewController.swift; sourceTree = "<group>"; };
		B0BDEF012C63A9E100664D70 /* ShoppingTableViewCell.swift */ = {isa = PBXFileReference; lastKnownFileType = sourcecode.swift; path = ShoppingTableViewCell.swift; sourceTree = "<group>"; };
		B0BDEF032C63AC1800664D70 /* ShoppingViewModel.swift */ = {isa = PBXFileReference; lastKnownFileType = sourcecode.swift; path = ShoppingViewModel.swift; sourceTree = "<group>"; };
/* End PBXFileReference section */

/* Begin PBXFrameworksBuildPhase section */
		B0728A842C5F84FC00B7455F /* Frameworks */ = {
			isa = PBXFrameworksBuildPhase;
			buildActionMask = 2147483647;
			files = (
				B0728AA72C5F855200B7455F /* RxSwift in Frameworks */,
				B0728AA52C5F855200B7455F /* RxCocoa in Frameworks */,
				B0728AA22C5F853A00B7455F /* SnapKit in Frameworks */,
			);
			runOnlyForDeploymentPostprocessing = 0;
		};
/* End PBXFrameworksBuildPhase section */

/* Begin PBXGroup section */
		B0728A7E2C5F84FC00B7455F = {
			isa = PBXGroup;
			children = (
				B0728A892C5F84FC00B7455F /* RxThreads */,
				B0728A882C5F84FC00B7455F /* Products */,
			);
			sourceTree = "<group>";
		};
		B0728A882C5F84FC00B7455F /* Products */ = {
			isa = PBXGroup;
			children = (
				B0728A872C5F84FC00B7455F /* RxThreads.app */,
			);
			name = Products;
			sourceTree = "<group>";
		};
		B0728A892C5F84FC00B7455F /* RxThreads */ = {
			isa = PBXGroup;
			children = (
				B0BDEF002C63A89A00664D70 /* Shopping */,
				B0728A8A2C5F84FC00B7455F /* AppDelegate.swift */,
				B0728A8C2C5F84FC00B7455F /* SceneDelegate.swift */,
				B0728A8E2C5F84FC00B7455F /* ViewController.swift */,
				B0728A9E2C5F851C00B7455F /* PasswordViewController.swift */,
				B0728AA82C5F89A200B7455F /* PhoneViewController.swift */,
				B0728AAA2C5FDA3300B7455F /* BirthdayViewController.swift */,
				B0728A902C5F84FC00B7455F /* Main.storyboard */,
				B0728A932C5F84FD00B7455F /* Assets.xcassets */,
				B0728A952C5F84FD00B7455F /* LaunchScreen.storyboard */,
				B0728A982C5F84FD00B7455F /* Info.plist */,
			);
			path = RxThreads;
			sourceTree = "<group>";
		};
		B0BDEF002C63A89A00664D70 /* Shopping */ = {
			isa = PBXGroup;
			children = (
				B0A5AC562C624E8F005C8574 /* ShoppingViewController.swift */,
				B0BDEF012C63A9E100664D70 /* ShoppingTableViewCell.swift */,
				B0BDEF032C63AC1800664D70 /* ShoppingViewModel.swift */,
			);
			path = Shopping;
			sourceTree = "<group>";
		};
/* End PBXGroup section */

/* Begin PBXNativeTarget section */
		B0728A862C5F84FC00B7455F /* RxThreads */ = {
			isa = PBXNativeTarget;
			buildConfigurationList = B0728A9B2C5F84FD00B7455F /* Build configuration list for PBXNativeTarget "RxThreads" */;
			buildPhases = (
				B0728A832C5F84FC00B7455F /* Sources */,
				B0728A842C5F84FC00B7455F /* Frameworks */,
				B0728A852C5F84FC00B7455F /* Resources */,
			);
			buildRules = (
			);
			dependencies = (
			);
			name = RxThreads;
			packageProductDependencies = (
				B0728AA12C5F853A00B7455F /* SnapKit */,
				B0728AA42C5F855200B7455F /* RxCocoa */,
				B0728AA62C5F855200B7455F /* RxSwift */,
			);
			productName = RxThreads;
			productReference = B0728A872C5F84FC00B7455F /* RxThreads.app */;
			productType = "com.apple.product-type.application";
		};
/* End PBXNativeTarget section */

/* Begin PBXProject section */
		B0728A7F2C5F84FC00B7455F /* Project object */ = {
			isa = PBXProject;
			attributes = {
				BuildIndependentTargetsInParallel = 1;
				LastSwiftUpdateCheck = 1540;
				LastUpgradeCheck = 1540;
				TargetAttributes = {
					B0728A862C5F84FC00B7455F = {
						CreatedOnToolsVersion = 15.4;
					};
				};
			};
			buildConfigurationList = B0728A822C5F84FC00B7455F /* Build configuration list for PBXProject "RxThreads" */;
			compatibilityVersion = "Xcode 14.0";
			developmentRegion = en;
			hasScannedForEncodings = 0;
			knownRegions = (
				en,
				Base,
			);
			mainGroup = B0728A7E2C5F84FC00B7455F;
			packageReferences = (
				B0728AA02C5F853A00B7455F /* XCRemoteSwiftPackageReference "SnapKit" */,
				B0728AA32C5F855200B7455F /* XCRemoteSwiftPackageReference "RxSwift" */,
			);
			productRefGroup = B0728A882C5F84FC00B7455F /* Products */;
			projectDirPath = "";
			projectRoot = "";
			targets = (
				B0728A862C5F84FC00B7455F /* RxThreads */,
			);
		};
/* End PBXProject section */

/* Begin PBXResourcesBuildPhase section */
		B0728A852C5F84FC00B7455F /* Resources */ = {
			isa = PBXResourcesBuildPhase;
			buildActionMask = 2147483647;
			files = (
				B0728A942C5F84FD00B7455F /* Assets.xcassets in Resources */,
				B0728A972C5F84FD00B7455F /* Base in Resources */,
				B0728A922C5F84FC00B7455F /* Base in Resources */,
			);
			runOnlyForDeploymentPostprocessing = 0;
		};
/* End PBXResourcesBuildPhase section */

/* Begin PBXSourcesBuildPhase section */
		B0728A832C5F84FC00B7455F /* Sources */ = {
			isa = PBXSourcesBuildPhase;
			buildActionMask = 2147483647;
			files = (
				B0728A8F2C5F84FC00B7455F /* ViewController.swift in Sources */,
				B0BDEF022C63A9E100664D70 /* ShoppingTableViewCell.swift in Sources */,
				B0728AA92C5F89A200B7455F /* PhoneViewController.swift in Sources */,
				B0A5AC572C624E8F005C8574 /* ShoppingViewController.swift in Sources */,
				B0BDEF042C63AC1800664D70 /* ShoppingViewModel.swift in Sources */,
				B0728A9F2C5F851C00B7455F /* PasswordViewController.swift in Sources */,
				B0728A8B2C5F84FC00B7455F /* AppDelegate.swift in Sources */,
				B0728A8D2C5F84FC00B7455F /* SceneDelegate.swift in Sources */,
				B0728AAB2C5FDA3300B7455F /* BirthdayViewController.swift in Sources */,
			);
			runOnlyForDeploymentPostprocessing = 0;
		};
/* End PBXSourcesBuildPhase section */

/* Begin PBXVariantGroup section */
		B0728A902C5F84FC00B7455F /* Main.storyboard */ = {
			isa = PBXVariantGroup;
			children = (
				B0728A912C5F84FC00B7455F /* Base */,
			);
			name = Main.storyboard;
			sourceTree = "<group>";
		};
		B0728A952C5F84FD00B7455F /* LaunchScreen.storyboard */ = {
			isa = PBXVariantGroup;
			children = (
				B0728A962C5F84FD00B7455F /* Base */,
			);
			name = LaunchScreen.storyboard;
			sourceTree = "<group>";
		};
/* End PBXVariantGroup section */

/* Begin XCBuildConfiguration section */
		B0728A992C5F84FD00B7455F /* Debug */ = {
			isa = XCBuildConfiguration;
			buildSettings = {
				ALWAYS_SEARCH_USER_PATHS = NO;
				ASSETCATALOG_COMPILER_GENERATE_SWIFT_ASSET_SYMBOL_EXTENSIONS = YES;
				CLANG_ANALYZER_NONNULL = YES;
				CLANG_ANALYZER_NUMBER_OBJECT_CONVERSION = YES_AGGRESSIVE;
				CLANG_CXX_LANGUAGE_STANDARD = "gnu++20";
				CLANG_ENABLE_MODULES = YES;
				CLANG_ENABLE_OBJC_ARC = YES;
				CLANG_ENABLE_OBJC_WEAK = YES;
				CLANG_WARN_BLOCK_CAPTURE_AUTORELEASING = YES;
				CLANG_WARN_BOOL_CONVERSION = YES;
				CLANG_WARN_COMMA = YES;
				CLANG_WARN_CONSTANT_CONVERSION = YES;
				CLANG_WARN_DEPRECATED_OBJC_IMPLEMENTATIONS = YES;
				CLANG_WARN_DIRECT_OBJC_ISA_USAGE = YES_ERROR;
				CLANG_WARN_DOCUMENTATION_COMMENTS = YES;
				CLANG_WARN_EMPTY_BODY = YES;
				CLANG_WARN_ENUM_CONVERSION = YES;
				CLANG_WARN_INFINITE_RECURSION = YES;
				CLANG_WARN_INT_CONVERSION = YES;
				CLANG_WARN_NON_LITERAL_NULL_CONVERSION = YES;
				CLANG_WARN_OBJC_IMPLICIT_RETAIN_SELF = YES;
				CLANG_WARN_OBJC_LITERAL_CONVERSION = YES;
				CLANG_WARN_OBJC_ROOT_CLASS = YES_ERROR;
				CLANG_WARN_QUOTED_INCLUDE_IN_FRAMEWORK_HEADER = YES;
				CLANG_WARN_RANGE_LOOP_ANALYSIS = YES;
				CLANG_WARN_STRICT_PROTOTYPES = YES;
				CLANG_WARN_SUSPICIOUS_MOVE = YES;
				CLANG_WARN_UNGUARDED_AVAILABILITY = YES_AGGRESSIVE;
				CLANG_WARN_UNREACHABLE_CODE = YES;
				CLANG_WARN__DUPLICATE_METHOD_MATCH = YES;
				COPY_PHASE_STRIP = NO;
				DEBUG_INFORMATION_FORMAT = dwarf;
				ENABLE_STRICT_OBJC_MSGSEND = YES;
				ENABLE_TESTABILITY = YES;
				ENABLE_USER_SCRIPT_SANDBOXING = YES;
				GCC_C_LANGUAGE_STANDARD = gnu17;
				GCC_DYNAMIC_NO_PIC = NO;
				GCC_NO_COMMON_BLOCKS = YES;
				GCC_OPTIMIZATION_LEVEL = 0;
				GCC_PREPROCESSOR_DEFINITIONS = (
					"DEBUG=1",
					"$(inherited)",
				);
				GCC_WARN_64_TO_32_BIT_CONVERSION = YES;
				GCC_WARN_ABOUT_RETURN_TYPE = YES_ERROR;
				GCC_WARN_UNDECLARED_SELECTOR = YES;
				GCC_WARN_UNINITIALIZED_AUTOS = YES_AGGRESSIVE;
				GCC_WARN_UNUSED_FUNCTION = YES;
				GCC_WARN_UNUSED_VARIABLE = YES;
				IPHONEOS_DEPLOYMENT_TARGET = 17.5;
				LOCALIZATION_PREFERS_STRING_CATALOGS = YES;
				MTL_ENABLE_DEBUG_INFO = INCLUDE_SOURCE;
				MTL_FAST_MATH = YES;
				ONLY_ACTIVE_ARCH = YES;
				SDKROOT = iphoneos;
				SWIFT_ACTIVE_COMPILATION_CONDITIONS = "DEBUG $(inherited)";
				SWIFT_OPTIMIZATION_LEVEL = "-Onone";
			};
			name = Debug;
		};
		B0728A9A2C5F84FD00B7455F /* Release */ = {
			isa = XCBuildConfiguration;
			buildSettings = {
				ALWAYS_SEARCH_USER_PATHS = NO;
				ASSETCATALOG_COMPILER_GENERATE_SWIFT_ASSET_SYMBOL_EXTENSIONS = YES;
				CLANG_ANALYZER_NONNULL = YES;
				CLANG_ANALYZER_NUMBER_OBJECT_CONVERSION = YES_AGGRESSIVE;
				CLANG_CXX_LANGUAGE_STANDARD = "gnu++20";
				CLANG_ENABLE_MODULES = YES;
				CLANG_ENABLE_OBJC_ARC = YES;
				CLANG_ENABLE_OBJC_WEAK = YES;
				CLANG_WARN_BLOCK_CAPTURE_AUTORELEASING = YES;
				CLANG_WARN_BOOL_CONVERSION = YES;
				CLANG_WARN_COMMA = YES;
				CLANG_WARN_CONSTANT_CONVERSION = YES;
				CLANG_WARN_DEPRECATED_OBJC_IMPLEMENTATIONS = YES;
				CLANG_WARN_DIRECT_OBJC_ISA_USAGE = YES_ERROR;
				CLANG_WARN_DOCUMENTATION_COMMENTS = YES;
				CLANG_WARN_EMPTY_BODY = YES;
				CLANG_WARN_ENUM_CONVERSION = YES;
				CLANG_WARN_INFINITE_RECURSION = YES;
				CLANG_WARN_INT_CONVERSION = YES;
				CLANG_WARN_NON_LITERAL_NULL_CONVERSION = YES;
				CLANG_WARN_OBJC_IMPLICIT_RETAIN_SELF = YES;
				CLANG_WARN_OBJC_LITERAL_CONVERSION = YES;
				CLANG_WARN_OBJC_ROOT_CLASS = YES_ERROR;
				CLANG_WARN_QUOTED_INCLUDE_IN_FRAMEWORK_HEADER = YES;
				CLANG_WARN_RANGE_LOOP_ANALYSIS = YES;
				CLANG_WARN_STRICT_PROTOTYPES = YES;
				CLANG_WARN_SUSPICIOUS_MOVE = YES;
				CLANG_WARN_UNGUARDED_AVAILABILITY = YES_AGGRESSIVE;
				CLANG_WARN_UNREACHABLE_CODE = YES;
				CLANG_WARN__DUPLICATE_METHOD_MATCH = YES;
				COPY_PHASE_STRIP = NO;
				DEBUG_INFORMATION_FORMAT = "dwarf-with-dsym";
				ENABLE_NS_ASSERTIONS = NO;
				ENABLE_STRICT_OBJC_MSGSEND = YES;
				ENABLE_USER_SCRIPT_SANDBOXING = YES;
				GCC_C_LANGUAGE_STANDARD = gnu17;
				GCC_NO_COMMON_BLOCKS = YES;
				GCC_WARN_64_TO_32_BIT_CONVERSION = YES;
				GCC_WARN_ABOUT_RETURN_TYPE = YES_ERROR;
				GCC_WARN_UNDECLARED_SELECTOR = YES;
				GCC_WARN_UNINITIALIZED_AUTOS = YES_AGGRESSIVE;
				GCC_WARN_UNUSED_FUNCTION = YES;
				GCC_WARN_UNUSED_VARIABLE = YES;
				IPHONEOS_DEPLOYMENT_TARGET = 17.5;
				LOCALIZATION_PREFERS_STRING_CATALOGS = YES;
				MTL_ENABLE_DEBUG_INFO = NO;
				MTL_FAST_MATH = YES;
				SDKROOT = iphoneos;
				SWIFT_COMPILATION_MODE = wholemodule;
				VALIDATE_PRODUCT = YES;
			};
			name = Release;
		};
		B0728A9C2C5F84FD00B7455F /* Debug */ = {
			isa = XCBuildConfiguration;
			buildSettings = {
				ASSETCATALOG_COMPILER_APPICON_NAME = AppIcon;
				ASSETCATALOG_COMPILER_GLOBAL_ACCENT_COLOR_NAME = AccentColor;
				CODE_SIGN_STYLE = Automatic;
				CURRENT_PROJECT_VERSION = 1;
				GENERATE_INFOPLIST_FILE = YES;
				INFOPLIST_FILE = RxThreads/Info.plist;
				INFOPLIST_KEY_UIApplicationSupportsIndirectInputEvents = YES;
				INFOPLIST_KEY_UILaunchStoryboardName = LaunchScreen;
				INFOPLIST_KEY_UISupportedInterfaceOrientations_iPad = "UIInterfaceOrientationPortrait UIInterfaceOrientationPortraitUpsideDown UIInterfaceOrientationLandscapeLeft UIInterfaceOrientationLandscapeRight";
				INFOPLIST_KEY_UISupportedInterfaceOrientations_iPhone = "UIInterfaceOrientationPortrait UIInterfaceOrientationLandscapeLeft UIInterfaceOrientationLandscapeRight";
				LD_RUNPATH_SEARCH_PATHS = (
					"$(inherited)",
					"@executable_path/Frameworks",
				);
				MARKETING_VERSION = 1.0;
				PRODUCT_BUNDLE_IDENTIFIER = com.miley.RxThreads;
				PRODUCT_NAME = "$(TARGET_NAME)";
				SUPPORTED_PLATFORMS = "iphoneos iphonesimulator";
				SUPPORTS_MACCATALYST = NO;
				SUPPORTS_MAC_DESIGNED_FOR_IPHONE_IPAD = NO;
				SUPPORTS_XR_DESIGNED_FOR_IPHONE_IPAD = NO;
				SWIFT_EMIT_LOC_STRINGS = YES;
				SWIFT_VERSION = 5.0;
				TARGETED_DEVICE_FAMILY = 1;
			};
			name = Debug;
		};
		B0728A9D2C5F84FD00B7455F /* Release */ = {
			isa = XCBuildConfiguration;
			buildSettings = {
				ASSETCATALOG_COMPILER_APPICON_NAME = AppIcon;
				ASSETCATALOG_COMPILER_GLOBAL_ACCENT_COLOR_NAME = AccentColor;
				CODE_SIGN_STYLE = Automatic;
				CURRENT_PROJECT_VERSION = 1;
				GENERATE_INFOPLIST_FILE = YES;
				INFOPLIST_FILE = RxThreads/Info.plist;
				INFOPLIST_KEY_UIApplicationSupportsIndirectInputEvents = YES;
				INFOPLIST_KEY_UILaunchStoryboardName = LaunchScreen;
				INFOPLIST_KEY_UISupportedInterfaceOrientations_iPad = "UIInterfaceOrientationPortrait UIInterfaceOrientationPortraitUpsideDown UIInterfaceOrientationLandscapeLeft UIInterfaceOrientationLandscapeRight";
				INFOPLIST_KEY_UISupportedInterfaceOrientations_iPhone = "UIInterfaceOrientationPortrait UIInterfaceOrientationLandscapeLeft UIInterfaceOrientationLandscapeRight";
				LD_RUNPATH_SEARCH_PATHS = (
					"$(inherited)",
					"@executable_path/Frameworks",
				);
				MARKETING_VERSION = 1.0;
				PRODUCT_BUNDLE_IDENTIFIER = com.miley.RxThreads;
				PRODUCT_NAME = "$(TARGET_NAME)";
				SUPPORTED_PLATFORMS = "iphoneos iphonesimulator";
				SUPPORTS_MACCATALYST = NO;
				SUPPORTS_MAC_DESIGNED_FOR_IPHONE_IPAD = NO;
				SUPPORTS_XR_DESIGNED_FOR_IPHONE_IPAD = NO;
				SWIFT_EMIT_LOC_STRINGS = YES;
				SWIFT_VERSION = 5.0;
				TARGETED_DEVICE_FAMILY = 1;
			};
			name = Release;
		};
/* End XCBuildConfiguration section */

/* Begin XCConfigurationList section */
		B0728A822C5F84FC00B7455F /* Build configuration list for PBXProject "RxThreads" */ = {
			isa = XCConfigurationList;
			buildConfigurations = (
				B0728A992C5F84FD00B7455F /* Debug */,
				B0728A9A2C5F84FD00B7455F /* Release */,
			);
			defaultConfigurationIsVisible = 0;
			defaultConfigurationName = Release;
		};
		B0728A9B2C5F84FD00B7455F /* Build configuration list for PBXNativeTarget "RxThreads" */ = {
			isa = XCConfigurationList;
			buildConfigurations = (
				B0728A9C2C5F84FD00B7455F /* Debug */,
				B0728A9D2C5F84FD00B7455F /* Release */,
			);
			defaultConfigurationIsVisible = 0;
			defaultConfigurationName = Release;
		};
/* End XCConfigurationList section */

/* Begin XCRemoteSwiftPackageReference section */
		B0728AA02C5F853A00B7455F /* XCRemoteSwiftPackageReference "SnapKit" */ = {
			isa = XCRemoteSwiftPackageReference;
			repositoryURL = "https://github.com/SnapKit/SnapKit.git";
			requirement = {
				kind = upToNextMajorVersion;
				minimumVersion = 5.7.1;
			};
		};
		B0728AA32C5F855200B7455F /* XCRemoteSwiftPackageReference "RxSwift" */ = {
			isa = XCRemoteSwiftPackageReference;
			repositoryURL = "https://github.com/ReactiveX/RxSwift.git";
			requirement = {
				kind = upToNextMajorVersion;
				minimumVersion = 6.7.1;
			};
		};
/* End XCRemoteSwiftPackageReference section */

/* Begin XCSwiftPackageProductDependency section */
		B0728AA12C5F853A00B7455F /* SnapKit */ = {
			isa = XCSwiftPackageProductDependency;
			package = B0728AA02C5F853A00B7455F /* XCRemoteSwiftPackageReference "SnapKit" */;
			productName = SnapKit;
		};
		B0728AA42C5F855200B7455F /* RxCocoa */ = {
			isa = XCSwiftPackageProductDependency;
			package = B0728AA32C5F855200B7455F /* XCRemoteSwiftPackageReference "RxSwift" */;
			productName = RxCocoa;
		};
		B0728AA62C5F855200B7455F /* RxSwift */ = {
			isa = XCSwiftPackageProductDependency;
			package = B0728AA32C5F855200B7455F /* XCRemoteSwiftPackageReference "RxSwift" */;
			productName = RxSwift;
		};
/* End XCSwiftPackageProductDependency section */
	};
	rootObject = B0728A7F2C5F84FC00B7455F /* Project object */;
}
